
Microsoft Visual Studio Solution File, Format Version 12.00
# Visual Studio Version 17
VisualStudioVersion = 17.11.35222.181
MinimumVisualStudioVersion = 10.0.40219.1
Project("{8BC9CEB8-8B4A-11D0-8D11-00A0C91BC942}") = "lab3_correct", "lab3_correct\lab3_correct.vcxproj", "{810DDB7B-0E1B-49A3-87E0-72BF45BBCCB2}"
EndProject
Global
	GlobalSection(SolutionConfigurationPlatforms) = preSolution
		Debug|x64 = Debug|x64
		Debug|x86 = Debug|x86
		Release|x64 = Release|x64
		Release|x86 = Release|x86
	EndGlobalSection
	GlobalSection(ProjectConfigurationPlatforms) = postSolution
		{810DDB7B-0E1B-49A3-87E0-72BF45BBCCB2}.Debug|x64.ActiveCfg = Debug|x64
		{810DDB7B-0E1B-49A3-87E0-72BF45BBCCB2}.Debug|x64.Build.0 = Debug|x64
		{810DDB7B-0E1B-49A3-87E0-72BF45BBCCB2}.Debug|x86.ActiveCfg = Debug|Win32
		{810DDB7B-0E1B-49A3-87E0-72BF45BBCCB2}.Debug|x86.Build.0 = Debug|Win32
		{810DDB7B-0E1B-49A3-87E0-72BF45BBCCB2}.Release|x64.ActiveCfg = Release|x64
		{810DDB7B-0E1B-49A3-87E0-72BF45BBCCB2}.Release|x64.Build.0 = Release|x64
		{810DDB7B-0E1B-49A3-87E0-72BF45BBCCB2}.Release|x86.ActiveCfg = Release|Win32
		{810DDB7B-0E1B-49A3-87E0-72BF45BBCCB2}.Release|x86.Build.0 = Release|Win32
	EndGlobalSection
	GlobalSection(SolutionProperties) = preSolution
		HideSolutionNode = FALSE
	EndGlobalSection
	GlobalSection(ExtensibilityGlobals) = postSolution
		SolutionGuid = {200CDEF2-ACD4-4354-AE3C-F2A4077C77A6}
	EndGlobalSection
EndGlobal
